
Microsoft Visual Studio Solution File, Format Version 12.00
# Visual Studio Version 16
VisualStudioVersion = 16.0.29709.97
MinimumVisualStudioVersion = 10.0.40219.1
Project("{FAE04EC0-301F-11D3-BF4B-00C04F79EFBC}") = "Promart", "Promart\Promart.csproj", "{84C0853F-1B94-459B-B021-10B9127B670F}"
EndProject
Global
	GlobalSection(SolutionConfigurationPlatforms) = preSolution
		Debug|Any CPU = Debug|Any CPU
		Release|Any CPU = Release|Any CPU
	EndGlobalSection
	GlobalSection(ProjectConfigurationPlatforms) = postSolution
		{84C0853F-1B94-459B-B021-10B9127B670F}.Debug|Any CPU.ActiveCfg = Debug|Any CPU
		{84C0853F-1B94-459B-B021-10B9127B670F}.Debug|Any CPU.Build.0 = Debug|Any CPU
		{84C0853F-1B94-459B-B021-10B9127B670F}.Release|Any CPU.ActiveCfg = Release|Any CPU
		{84C0853F-1B94-459B-B021-10B9127B670F}.Release|Any CPU.Build.0 = Release|Any CPU
	EndGlobalSection
	GlobalSection(SolutionProperties) = preSolution
		HideSolutionNode = FALSE
	EndGlobalSection
	GlobalSection(ExtensibilityGlobals) = postSolution
		SolutionGuid = {E83B4A0B-A8BC-4D3E-BC40-F61FBF28D99D}
	EndGlobalSection
EndGlobal
